
Microsoft Visual Studio Solution File, Format Version 12.00
Project("{FAE04EC0-301F-11D3-BF4B-00C04F79EFBC}") = "UnitOfWorkDesignPattern", "UnitOfWorkDesignPattern\UnitOfWorkDesignPattern.csproj", "{48DEAC1B-E2EC-437E-A8A7-4A8DB6B0D087}"
EndProject
Project("{FAE04EC0-301F-11D3-BF4B-00C04F79EFBC}") = "UnitOfWorkTestProject", "UnitOfWorkTestProject\UnitOfWorkTestProject.csproj", "{FA266E72-1BBB-4B73-A09A-960BF5CB2DA5}"
EndProject
Project("{FAE04EC0-301F-11D3-BF4B-00C04F79EFBC}") = "UnitOfWorkDesignPattern.UnitTests", "UnitOfWorkDesignPattern.UnitTests\UnitOfWorkDesignPattern.UnitTests.csproj", "{5F925EB0-324F-4DFC-9290-78B5E50A1FEB}"
EndProject
Global
	GlobalSection(SolutionConfigurationPlatforms) = preSolution
		Debug|Any CPU = Debug|Any CPU
		Release|Any CPU = Release|Any CPU
	EndGlobalSection
	GlobalSection(ProjectConfigurationPlatforms) = postSolution
		{48DEAC1B-E2EC-437E-A8A7-4A8DB6B0D087}.Debug|Any CPU.ActiveCfg = Debug|Any CPU
		{48DEAC1B-E2EC-437E-A8A7-4A8DB6B0D087}.Debug|Any CPU.Build.0 = Debug|Any CPU
		{48DEAC1B-E2EC-437E-A8A7-4A8DB6B0D087}.Release|Any CPU.ActiveCfg = Release|Any CPU
		{48DEAC1B-E2EC-437E-A8A7-4A8DB6B0D087}.Release|Any CPU.Build.0 = Release|Any CPU
		{FA266E72-1BBB-4B73-A09A-960BF5CB2DA5}.Debug|Any CPU.ActiveCfg = Debug|Any CPU
		{FA266E72-1BBB-4B73-A09A-960BF5CB2DA5}.Debug|Any CPU.Build.0 = Debug|Any CPU
		{FA266E72-1BBB-4B73-A09A-960BF5CB2DA5}.Release|Any CPU.ActiveCfg = Release|Any CPU
		{FA266E72-1BBB-4B73-A09A-960BF5CB2DA5}.Release|Any CPU.Build.0 = Release|Any CPU
		{5F925EB0-324F-4DFC-9290-78B5E50A1FEB}.Debug|Any CPU.ActiveCfg = Debug|Any CPU
		{5F925EB0-324F-4DFC-9290-78B5E50A1FEB}.Debug|Any CPU.Build.0 = Debug|Any CPU
		{5F925EB0-324F-4DFC-9290-78B5E50A1FEB}.Release|Any CPU.ActiveCfg = Release|Any CPU
		{5F925EB0-324F-4DFC-9290-78B5E50A1FEB}.Release|Any CPU.Build.0 = Release|Any CPU
	EndGlobalSection
EndGlobal
